
Microsoft Visual Studio Solution File, Format Version 12.00
# Visual Studio Version 16
VisualStudioVersion = 16.0.30128.74
MinimumVisualStudioVersion = 10.0.40219.1
Project("{FAE04EC0-301F-11D3-BF4B-00C04F79EFBC}") = "RamType0.EntityFrameworkCore.Issues", "RamType0.EntityFrameworkCore.Issues\RamType0.EntityFrameworkCore.Issues.csproj", "{F5624951-D06B-4779-B92A-FCF7937182F0}"
EndProject
Global
	GlobalSection(SolutionConfigurationPlatforms) = preSolution
		Debug|Any CPU = Debug|Any CPU
		Release|Any CPU = Release|Any CPU
	EndGlobalSection
	GlobalSection(ProjectConfigurationPlatforms) = postSolution
		{F5624951-D06B-4779-B92A-FCF7937182F0}.Debug|Any CPU.ActiveCfg = Debug|Any CPU
		{F5624951-D06B-4779-B92A-FCF7937182F0}.Debug|Any CPU.Build.0 = Debug|Any CPU
		{F5624951-D06B-4779-B92A-FCF7937182F0}.Release|Any CPU.ActiveCfg = Release|Any CPU
		{F5624951-D06B-4779-B92A-FCF7937182F0}.Release|Any CPU.Build.0 = Release|Any CPU
	EndGlobalSection
	GlobalSection(SolutionProperties) = preSolution
		HideSolutionNode = FALSE
	EndGlobalSection
	GlobalSection(ExtensibilityGlobals) = postSolution
		SolutionGuid = {3B69D838-28B1-4E67-9E66-58D54A1A6EEB}
	EndGlobalSection
EndGlobal
